
Microsoft Visual Studio Solution File, Format Version 12.00
# Visual Studio Version 17
VisualStudioVersion = 17.0.31903.59
MinimumVisualStudioVersion = 10.0.40219.1
Project("{FAE04EC0-301F-11D3-BF4B-00C04F79EFBC}") = "DeepEyeUnlocker", "src\DeepEyeUnlocker.csproj", "{B1C1C1C1-C1C1-C1C1-C1C1-C1C1C1C1C1C1}"
EndProject
Project("{FAE04EC0-301F-11D3-BF4B-00C04F79EFBC}") = "DeepEyeUnlocker.Tests", "tests\DeepEyeUnlocker.Tests.csproj", "{B2C2C2C2-C2C2-C2C2-C2C2-C2C2C2C2C2C2}"
EndProject
Project("{FAE04EC0-301F-11D3-BF4B-00C04F79EFBC}") = "DeepEye.UI.Modern", "DeepEye.UI.Modern\DeepEye.UI.Modern.csproj", "{F44675E4-9AD4-45B0-8B58-4305FA6DC56D}"
EndProject
Global
	GlobalSection(SolutionConfigurationPlatforms) = preSolution
		Debug|Any CPU = Debug|Any CPU
		Release|Any CPU = Release|Any CPU
	EndGlobalSection
	GlobalSection(ProjectConfigurationPlatforms) = postSolution
		{B1C1C1C1-C1C1-C1C1-C1C1-C1C1C1C1C1C1}.Debug|Any CPU.ActiveCfg = Debug|Any CPU
		{B1C1C1C1-C1C1-C1C1-C1C1-C1C1C1C1C1C1}.Debug|Any CPU.Build.0 = Debug|Any CPU
		{B1C1C1C1-C1C1-C1C1-C1C1-C1C1C1C1C1C1}.Release|Any CPU.ActiveCfg = Release|Any CPU
		{B1C1C1C1-C1C1-C1C1-C1C1-C1C1C1C1C1C1}.Release|Any CPU.Build.0 = Release|Any CPU
		{B2C2C2C2-C2C2-C2C2-C2C2-C2C2-C2C2-C2C2-C2C2}.Debug|Any CPU.ActiveCfg = Debug|Any CPU
		{B2C2C2C2-C2C2-C2C2-C2C2-C2C2-C2C2-C2C2-C2C2}.Debug|Any CPU.Build.0 = Debug|Any CPU
		{B2C2C2C2-C2C2-C2C2-C2C2-C2C2-C2C2-C2C2-C2C2}.Release|Any CPU.ActiveCfg = Release|Any CPU
		{B2C2C2C2-C2C2-C2C2-C2C2-C2C2-C2C2-C2C2-C2C2}.Release|Any CPU.Build.0 = Release|Any CPU
		{F44675E4-9AD4-45B0-8B58-4305FA6DC56D}.Debug|Any CPU.ActiveCfg = Debug|Any CPU
		{F44675E4-9AD4-45B0-8B58-4305FA6DC56D}.Debug|Any CPU.Build.0 = Debug|Any CPU
		{F44675E4-9AD4-45B0-8B58-4305FA6DC56D}.Release|Any CPU.ActiveCfg = Release|Any CPU
		{F44675E4-9AD4-45B0-8B58-4305FA6DC56D}.Release|Any CPU.Build.0 = Release|Any CPU
	EndGlobalSection
EndGlobal
